
Microsoft Visual Studio Solution File, Format Version 12.00
# Visual Studio Version 17
VisualStudioVersion = 17.3.32901.215
MinimumVisualStudioVersion = 10.0.40219.1
Project("{FAE04EC0-301F-11D3-BF4B-00C04F79EFBC}") = "form 1", "form 1\form 1.csproj", "{D2D81E8C-F055-494E-AD3C-B47F8A88A3CD}"
EndProject
Global
	GlobalSection(SolutionConfigurationPlatforms) = preSolution
		Debug|Any CPU = Debug|Any CPU
		Release|Any CPU = Release|Any CPU
	EndGlobalSection
	GlobalSection(ProjectConfigurationPlatforms) = postSolution
		{D2D81E8C-F055-494E-AD3C-B47F8A88A3CD}.Debug|Any CPU.ActiveCfg = Debug|Any CPU
		{D2D81E8C-F055-494E-AD3C-B47F8A88A3CD}.Debug|Any CPU.Build.0 = Debug|Any CPU
		{D2D81E8C-F055-494E-AD3C-B47F8A88A3CD}.Release|Any CPU.ActiveCfg = Release|Any CPU
		{D2D81E8C-F055-494E-AD3C-B47F8A88A3CD}.Release|Any CPU.Build.0 = Release|Any CPU
	EndGlobalSection
	GlobalSection(SolutionProperties) = preSolution
		HideSolutionNode = FALSE
	EndGlobalSection
	GlobalSection(ExtensibilityGlobals) = postSolution
		SolutionGuid = {14692A47-6BE2-40F6-912A-368C496A0593}
	EndGlobalSection
EndGlobal
